// !$*UTF8*$!
{
	archiveVersion = 1;
	classes = {
	};
	objectVersion = 77;
	objects = {

/* Begin PBXBuildFile section */
		002B3D75BC727B9856F2AE60 /* apple-connection.js in Resources */ = {isa = PBXBuildFile; fileRef = 0AC98043D4246025B6A8ACC7 /* apple-connection.js */; };
		026056B5D84F86BE619609D0 /* _locales in Resources */ = {isa = PBXBuildFile; fileRef = FDD644D4A77BA2C5BB937B46 /* _locales */; };
		08CF496446755EE1F61A5B46 /* AppIcon.icon in Resources */ = {isa = PBXBuildFile; fileRef = 67C62B2EC4DA84A38EF9E5A7 /* AppIcon.icon */; };
		090FE8F2C3D9AE9B0550CF26 /* ArchiveBoxMacShare.appex in Embed Foundation Extensions */ = {isa = PBXBuildFile; fileRef = 4804FCEBC939FCE6C41C93E1 /* ArchiveBoxMacShare.appex */; settings = {ATTRIBUTES = (RemoveHeadersOnCopy, ); }; };
		0A07F42B02BE8808F0E1B6BB /* ShareViewController.swift in Sources */ = {isa = PBXBuildFile; fileRef = 99779D6DCD1E0CDAF64EED92 /* ShareViewController.swift */; };
		0A714D24354FD9BAB2F5877D /* options.html in Resources */ = {isa = PBXBuildFile; fileRef = 92E8F186372A4E02E08177BB /* options.html */; };
		0C85A003C2E9091718B1E168 /* SafariWebExtensionHandler.swift in Sources */ = {isa = PBXBuildFile; fileRef = BF2E79F448FC2AC534236C8D /* SafariWebExtensionHandler.swift */; };
		0D70CFF96AEC2EF116B9F30A /* assets in Resources */ = {isa = PBXBuildFile; fileRef = C3256103DC5A80A8AD540B97 /* assets */; };
		16C42C0D526520E94B065FEE /* ShareModel.swift in Sources */ = {isa = PBXBuildFile; fileRef = CA994EC8E1863D30F98F5DF0 /* ShareModel.swift */; };
		172FB23D038018B6A6CAD2CF /* chunks in Resources */ = {isa = PBXBuildFile; fileRef = 700EC0793913808E6B0A775D /* chunks */; };
		1975E82F4F9F9C01D9B31347 /* AppEnvironment.swift in Sources */ = {isa = PBXBuildFile; fileRef = 481FA3FA69FE3C31387568BE /* AppEnvironment.swift */; };
		278968F1B897252967362CE7 /* MacShareViewController.swift in Sources */ = {isa = PBXBuildFile; fileRef = B79EA74D933530383C6CAEC3 /* MacShareViewController.swift */; };
		27A5B1EC1DC952B955E3BBDA /* Assets.xcassets in Resources */ = {isa = PBXBuildFile; fileRef = 06F8051E8FD4E6F293429D02 /* Assets.xcassets */; };
		27E690C9BFA8B6ADFB8FAA92 /* AppEnvironment.swift in Sources */ = {isa = PBXBuildFile; fileRef = 481FA3FA69FE3C31387568BE /* AppEnvironment.swift */; };
		2B478FA873656A2AA4F97377 /* content-scripts in Resources */ = {isa = PBXBuildFile; fileRef = F17AFF5065DB2022281D7DA8 /* content-scripts */; };
		2CF6681AF45C951777C38F86 /* ArchiveBoxShare.appex in Embed Foundation Extensions */ = {isa = PBXBuildFile; fileRef = 60A108FCA1936A3321963D9E /* ArchiveBoxShare.appex */; settings = {ATTRIBUTES = (RemoveHeadersOnCopy, ); }; };
		353A74C9A4FAD76E459E0761 /* apple-connection.js in Resources */ = {isa = PBXBuildFile; fileRef = 0AC98043D4246025B6A8ACC7 /* apple-connection.js */; };
		3C06BBDB333F0F25D342F611 /* ArchiveBoxCore in Frameworks */ = {isa = PBXBuildFile; productRef = 9C7D1080D879852987592696 /* ArchiveBoxCore */; };
		3FB18E652C02A60C0A57C975 /* UPSTREAM-LICENSE in Resources */ = {isa = PBXBuildFile; fileRef = F8D4293A9356D86C9E8027ED /* UPSTREAM-LICENSE */; };
		40C4A0D17BEBB299348E0DB1 /* ShareView.swift in Sources */ = {isa = PBXBuildFile; fileRef = C7622B497ECDB8771E3D9E02 /* ShareView.swift */; };
		4675EE9F7878E54B4C075B09 /* Assets.xcassets in Resources */ = {isa = PBXBuildFile; fileRef = 06F8051E8FD4E6F293429D02 /* Assets.xcassets */; };
		49B7F131EE82C8A4B01B25C0 /* ArchiveBoxSafari.appex in Embed Foundation Extensions */ = {isa = PBXBuildFile; fileRef = 64A998C41FA84FA2DF5C07B9 /* ArchiveBoxSafari.appex */; settings = {ATTRIBUTES = (RemoveHeadersOnCopy, ); }; };
		4AEA89771CE1AF960555109D /* background.js in Resources */ = {isa = PBXBuildFile; fileRef = 16007692ED14738E81221067 /* background.js */; };
		4BAE4F89A18FF22BD15E47E5 /* options.html in Resources */ = {isa = PBXBuildFile; fileRef = 92E8F186372A4E02E08177BB /* options.html */; };
		4D3602FB0280D05712B3CC24 /* ArchiveBoxMacSafari.appex in Embed Foundation Extensions */ = {isa = PBXBuildFile; fileRef = 5A01472E4A2F1B460B4BD081 /* ArchiveBoxMacSafari.appex */; settings = {ATTRIBUTES = (RemoveHeadersOnCopy, ); }; };
		4D643A9D6846CEA7B4FBD315 /* manifest.json in Resources */ = {isa = PBXBuildFile; fileRef = 0A375E50F1CA716143843802 /* manifest.json */; };
		53F946923FBCF8A0BF70562A /* icon in Resources */ = {isa = PBXBuildFile; fileRef = E2E03A230BA381FB0FFF529C /* icon */; };
		55838DD4DB9A24F5DFBB40A9 /* ArchiveBoxCore in Frameworks */ = {isa = PBXBuildFile; productRef = EFF02EE6D13AD0A4F7430DBB /* ArchiveBoxCore */; };
		5FE61C9D9A2578A21250E922 /* Assets.xcassets in Resources */ = {isa = PBXBuildFile; fileRef = 06F8051E8FD4E6F293429D02 /* Assets.xcassets */; };
		61993E0DC6606E24A95457A9 /* SettingsView.swift in Sources */ = {isa = PBXBuildFile; fileRef = BE45EBF447663409775DECBA /* SettingsView.swift */; };
		62470585441B48C32967C3ED /* _locales in Resources */ = {isa = PBXBuildFile; fileRef = FDD644D4A77BA2C5BB937B46 /* _locales */; };
		62CBF5EEE11B21764655808C /* PrivacyInfo.xcprivacy in Resources */ = {isa = PBXBuildFile; fileRef = 9FEF08F660C652A54270A2A7 /* PrivacyInfo.xcprivacy */; };
		63BE8629890FEC1ABF6A20AA /* popup.html in Resources */ = {isa = PBXBuildFile; fileRef = 64DF0D9729FE1DDD1A9901C7 /* popup.html */; };
		65D2AC69EA2BEC5C1C2B113C /* AppEnvironment.swift in Sources */ = {isa = PBXBuildFile; fileRef = 481FA3FA69FE3C31387568BE /* AppEnvironment.swift */; };
		6ED001E7250A7E026023B216 /* ShareModel.swift in Sources */ = {isa = PBXBuildFile; fileRef = CA994EC8E1863D30F98F5DF0 /* ShareModel.swift */; };
		70DAF88A8D9F4EB1A02CD8B4 /* SettingsView.swift in Sources */ = {isa = PBXBuildFile; fileRef = BE45EBF447663409775DECBA /* SettingsView.swift */; };
		83A73898A46B0711D2C51E51 /* content-scripts in Resources */ = {isa = PBXBuildFile; fileRef = F17AFF5065DB2022281D7DA8 /* content-scripts */; };
		88DC73A38B41EB557E9C4BDC /* ArchiveBoxApp.swift in Sources */ = {isa = PBXBuildFile; fileRef = 45E3F6E6DF446194D62ABE87 /* ArchiveBoxApp.swift */; };
		8A9221ACA79A17D5B2E21616 /* background.js in Resources */ = {isa = PBXBuildFile; fileRef = 16007692ED14738E81221067 /* background.js */; };
		8BC10DF439FDD9435F9B954D /* UPSTREAM-LICENSE in Resources */ = {isa = PBXBuildFile; fileRef = F8D4293A9356D86C9E8027ED /* UPSTREAM-LICENSE */; };
		A08F56ECEDF3A9537E7E9FC4 /* ArchiveBoxCore in Frameworks */ = {isa = PBXBuildFile; productRef = 0AC5B1EA1ECF83B6CA12949F /* ArchiveBoxCore */; };
		A9471D3223421DB739C368C0 /* AppEnvironment.swift in Sources */ = {isa = PBXBuildFile; fileRef = 481FA3FA69FE3C31387568BE /* AppEnvironment.swift */; };
		B0FE976378BA828B33A4D0FA /* ArchiveBoxApp.swift in Sources */ = {isa = PBXBuildFile; fileRef = 45E3F6E6DF446194D62ABE87 /* ArchiveBoxApp.swift */; };
		B34C64B7C7E061BB1E9002DF /* ShareView.swift in Sources */ = {isa = PBXBuildFile; fileRef = C7622B497ECDB8771E3D9E02 /* ShareView.swift */; };
		B90B871600969B03C521AAAF /* Assets.xcassets in Resources */ = {isa = PBXBuildFile; fileRef = 06F8051E8FD4E6F293429D02 /* Assets.xcassets */; };
		BD74A8EB5E42646A16A3B168 /* AppEnvironment.swift in Sources */ = {isa = PBXBuildFile; fileRef = 481FA3FA69FE3C31387568BE /* AppEnvironment.swift */; };
		BEC4F67F0C1F8B6C71FA7530 /* icon in Resources */ = {isa = PBXBuildFile; fileRef = E2E03A230BA381FB0FFF529C /* icon */; };
		C30245C01B779BBBD663B6AC /* chunks in Resources */ = {isa = PBXBuildFile; fileRef = 700EC0793913808E6B0A775D /* chunks */; };
		C3F764B5593F2E050F022735 /* ArchiveBoxCore in Frameworks */ = {isa = PBXBuildFile; productRef = 4D29C759A2A9C2D4EA55954D /* ArchiveBoxCore */; };
		C762FEE56C423D2748B3D520 /* assets in Resources */ = {isa = PBXBuildFile; fileRef = C3256103DC5A80A8AD540B97 /* assets */; };
		CDBF48D4069574C7510D6A7B /* ArchiveBoxUITests.swift in Sources */ = {isa = PBXBuildFile; fileRef = 7E9C25C037A0F204B0BDCF38 /* ArchiveBoxUITests.swift */; };
		D094B25C1CCD70DBF206BE6D /* ArchiveBoxCore in Frameworks */ = {isa = PBXBuildFile; productRef = 556C1F956DBFCD7A35C71C4A /* ArchiveBoxCore */; };
		D6F26885583F5A08B2DB7A06 /* AppIcon.icon in Resources */ = {isa = PBXBuildFile; fileRef = 67C62B2EC4DA84A38EF9E5A7 /* AppIcon.icon */; };
		D890E0D145C8344D6AF91B35 /* SafariWebExtensionHandler.swift in Sources */ = {isa = PBXBuildFile; fileRef = BF2E79F448FC2AC534236C8D /* SafariWebExtensionHandler.swift */; };
		DB8083BDE0D9F292E4564360 /* AppEnvironment.swift in Sources */ = {isa = PBXBuildFile; fileRef = 481FA3FA69FE3C31387568BE /* AppEnvironment.swift */; };
		E25563AC0CB0DDDE51D1B49F /* manifest.json in Resources */ = {isa = PBXBuildFile; fileRef = 0A375E50F1CA716143843802 /* manifest.json */; };
		E3E17DDB49D45B7E663F0361 /* popup.html in Resources */ = {isa = PBXBuildFile; fileRef = 64DF0D9729FE1DDD1A9901C7 /* popup.html */; };
		F01CE36160D577C892777BDA /* PrivacyInfo.xcprivacy in Resources */ = {isa = PBXBuildFile; fileRef = 9FEF08F660C652A54270A2A7 /* PrivacyInfo.xcprivacy */; };
		FF3FF97F86C7CF66F057A90D /* ArchiveBoxCore in Frameworks */ = {isa = PBXBuildFile; productRef = 3A614EEE696BEEF4D8A4877D /* ArchiveBoxCore */; };
/* End PBXBuildFile section */

/* Begin PBXContainerItemProxy section */
		1D536F0AC9ACDDDA25D67258 /* PBXContainerItemProxy */ = {
			isa = PBXContainerItemProxy;
			containerPortal = 78742D05FF6332E49FF7A1B7 /* Project object */;
			proxyType = 1;
			remoteGlobalIDString = 50A32FE4A694860FFEBA4276;
			remoteInfo = ArchiveBoxShare;
		};
		21B139B969CAFDB41FA8C1A4 /* PBXContainerItemProxy */ = {
			isa = PBXContainerItemProxy;
			containerPortal = 78742D05FF6332E49FF7A1B7 /* Project object */;
			proxyType = 1;
			remoteGlobalIDString = 41E3A1E5F21ADB10B76E1E44;
			remoteInfo = ArchiveBoxMacSafari;
		};
		2BCFA8012F576008AC86D135 /* PBXContainerItemProxy */ = {
			isa = PBXContainerItemProxy;
			containerPortal = 78742D05FF6332E49FF7A1B7 /* Project object */;
			proxyType = 1;
			remoteGlobalIDString = 3573FC4C69CC65084AC6C07E;
			remoteInfo = ArchiveBoxMacShare;
		};
		79D0EF28121EA6322DBB3481 /* PBXContainerItemProxy */ = {
			isa = PBXContainerItemProxy;
			containerPortal = 78742D05FF6332E49FF7A1B7 /* Project object */;
			proxyType = 1;
			remoteGlobalIDString = 2F354F6B7436080F5267E285;
			remoteInfo = ArchiveBox;
		};
		BBEFCB9059EE8EECEEA621AC /* PBXContainerItemProxy */ = {
			isa = PBXContainerItemProxy;
			containerPortal = 78742D05FF6332E49FF7A1B7 /* Project object */;
			proxyType = 1;
			remoteGlobalIDString = ECFB6D1C2A524948E817077A;
			remoteInfo = ArchiveBoxSafari;
		};
/* End PBXContainerItemProxy section */

/* Begin PBXCopyFilesBuildPhase section */
		01577DFF99719A252CB231EB /* Embed Foundation Extensions */ = {
			isa = PBXCopyFilesBuildPhase;
			buildActionMask = 2147483647;
			dstPath = "";
			dstSubfolderSpec = 13;
			files = (
				2CF6681AF45C951777C38F86 /* ArchiveBoxShare.appex in Embed Foundation Extensions */,
				49B7F131EE82C8A4B01B25C0 /* ArchiveBoxSafari.appex in Embed Foundation Extensions */,
			);
			name = "Embed Foundation Extensions";
			runOnlyForDeploymentPostprocessing = 0;
		};
		A1E0401938A41541202A7B55 /* Embed Foundation Extensions */ = {
			isa = PBXCopyFilesBuildPhase;
			buildActionMask = 2147483647;
			dstPath = "";
			dstSubfolderSpec = 13;
			files = (
				090FE8F2C3D9AE9B0550CF26 /* ArchiveBoxMacShare.appex in Embed Foundation Extensions */,
				4D3602FB0280D05712B3CC24 /* ArchiveBoxMacSafari.appex in Embed Foundation Extensions */,
			);
			name = "Embed Foundation Extensions";
			runOnlyForDeploymentPostprocessing = 0;
		};
/* End PBXCopyFilesBuildPhase section */

/* Begin PBXFileReference section */
		06F8051E8FD4E6F293429D02 /* Assets.xcassets */ = {isa = PBXFileReference; lastKnownFileType = folder.assetcatalog; path = Assets.xcassets; sourceTree = "<group>"; };
		0A375E50F1CA716143843802 /* manifest.json */ = {isa = PBXFileReference; lastKnownFileType = text.json; path = manifest.json; sourceTree = "<group>"; };
		0AC98043D4246025B6A8ACC7 /* apple-connection.js */ = {isa = PBXFileReference; lastKnownFileType = sourcecode.javascript; path = "apple-connection.js"; sourceTree = "<group>"; };
		0E4B3200B2E823AF61D3814E /* ArchiveBox.app */ = {isa = PBXFileReference; includeInIndex = 0; lastKnownFileType = wrapper.application; path = ArchiveBox.app; sourceTree = BUILT_PRODUCTS_DIR; };
		1146D1C3A69EAFEE61E80547 /* Info.plist */ = {isa = PBXFileReference; lastKnownFileType = text.plist; path = Info.plist; sourceTree = "<group>"; };
		16007692ED14738E81221067 /* background.js */ = {isa = PBXFileReference; lastKnownFileType = sourcecode.javascript; path = background.js; sourceTree = "<group>"; };
		26D7FC91CF3FBEB473925764 /* ArchiveBoxMacShare.entitlements */ = {isa = PBXFileReference; lastKnownFileType = text.plist.entitlements; path = ArchiveBoxMacShare.entitlements; sourceTree = "<group>"; };
		2E58417FC1E8AADB7CBC6FE2 /* Info.plist */ = {isa = PBXFileReference; lastKnownFileType = text.plist; path = Info.plist; sourceTree = "<group>"; };
		3F2D38E2255F27E76EC161AF /* Info.plist */ = {isa = PBXFileReference; lastKnownFileType = text.plist; path = Info.plist; sourceTree = "<group>"; };
		45E3F6E6DF446194D62ABE87 /* ArchiveBoxApp.swift */ = {isa = PBXFileReference; lastKnownFileType = sourcecode.swift; path = ArchiveBoxApp.swift; sourceTree = "<group>"; };
		4804FCEBC939FCE6C41C93E1 /* ArchiveBoxMacShare.appex */ = {isa = PBXFileReference; explicitFileType = "wrapper.app-extension"; includeInIndex = 0; path = ArchiveBoxMacShare.appex; sourceTree = BUILT_PRODUCTS_DIR; };
		481FA3FA69FE3C31387568BE /* AppEnvironment.swift */ = {isa = PBXFileReference; lastKnownFileType = sourcecode.swift; path = AppEnvironment.swift; sourceTree = "<group>"; };
		4B04B3C87B40752E1F9BD222 /* ios-archivebox */ = {isa = PBXFileReference; lastKnownFileType = folder; name = "ios-archivebox"; path = .; sourceTree = SOURCE_ROOT; };
		5A01472E4A2F1B460B4BD081 /* ArchiveBoxMacSafari.appex */ = {isa = PBXFileReference; explicitFileType = "wrapper.app-extension"; includeInIndex = 0; path = ArchiveBoxMacSafari.appex; sourceTree = BUILT_PRODUCTS_DIR; };
		60A108FCA1936A3321963D9E /* ArchiveBoxShare.appex */ = {isa = PBXFileReference; includeInIndex = 0; lastKnownFileType = "wrapper.app-extension"; path = ArchiveBoxShare.appex; sourceTree = BUILT_PRODUCTS_DIR; };
		64A998C41FA84FA2DF5C07B9 /* ArchiveBoxSafari.appex */ = {isa = PBXFileReference; includeInIndex = 0; lastKnownFileType = "wrapper.app-extension"; path = ArchiveBoxSafari.appex; sourceTree = BUILT_PRODUCTS_DIR; };
		64DF0D9729FE1DDD1A9901C7 /* popup.html */ = {isa = PBXFileReference; lastKnownFileType = text.html; path = popup.html; sourceTree = "<group>"; };
		670CE703145D0F4EDD611457 /* ArchiveBoxShare.entitlements */ = {isa = PBXFileReference; lastKnownFileType = text.plist.entitlements; path = ArchiveBoxShare.entitlements; sourceTree = "<group>"; };
		67C62B2EC4DA84A38EF9E5A7 /* AppIcon.icon */ = {isa = PBXFileReference; lastKnownFileType = wrapper.icon; path = AppIcon.icon; sourceTree = "<group>"; };
		700EC0793913808E6B0A775D /* chunks */ = {isa = PBXFileReference; lastKnownFileType = folder; name = chunks; path = SafariWebExtension/Resources/chunks; sourceTree = SOURCE_ROOT; };
		73226E2BE9753E460B4E1BEA /* ArchiveBoxMac.app */ = {isa = PBXFileReference; explicitFileType = wrapper.application; includeInIndex = 0; path = ArchiveBoxMac.app; sourceTree = BUILT_PRODUCTS_DIR; };
		7E9C25C037A0F204B0BDCF38 /* ArchiveBoxUITests.swift */ = {isa = PBXFileReference; lastKnownFileType = sourcecode.swift; path = ArchiveBoxUITests.swift; sourceTree = "<group>"; };
		92E8F186372A4E02E08177BB /* options.html */ = {isa = PBXFileReference; lastKnownFileType = text.html; path = options.html; sourceTree = "<group>"; };
		99779D6DCD1E0CDAF64EED92 /* ShareViewController.swift */ = {isa = PBXFileReference; lastKnownFileType = sourcecode.swift; path = ShareViewController.swift; sourceTree = "<group>"; };
		9FEF08F660C652A54270A2A7 /* PrivacyInfo.xcprivacy */ = {isa = PBXFileReference; path = PrivacyInfo.xcprivacy; sourceTree = "<group>"; };
		A2ED54AF5CBA782B38156D97 /* ArchiveBoxMac.entitlements */ = {isa = PBXFileReference; lastKnownFileType = text.plist.entitlements; path = ArchiveBoxMac.entitlements; sourceTree = "<group>"; };
		B47DE619CE801A18C34392BA /* ArchiveBox.entitlements */ = {isa = PBXFileReference; lastKnownFileType = text.plist.entitlements; path = ArchiveBox.entitlements; sourceTree = "<group>"; };
		B79EA74D933530383C6CAEC3 /* MacShareViewController.swift */ = {isa = PBXFileReference; lastKnownFileType = sourcecode.swift; path = MacShareViewController.swift; sourceTree = "<group>"; };
		BE45EBF447663409775DECBA /* SettingsView.swift */ = {isa = PBXFileReference; lastKnownFileType = sourcecode.swift; path = SettingsView.swift; sourceTree = "<group>"; };
		BF2E79F448FC2AC534236C8D /* SafariWebExtensionHandler.swift */ = {isa = PBXFileReference; lastKnownFileType = sourcecode.swift; path = SafariWebExtensionHandler.swift; sourceTree = "<group>"; };
		C086474D26BD7671EE1C84BE /* Info.plist */ = {isa = PBXFileReference; lastKnownFileType = text.plist; path = Info.plist; sourceTree = "<group>"; };
		C3256103DC5A80A8AD540B97 /* assets */ = {isa = PBXFileReference; lastKnownFileType = folder; name = assets; path = SafariWebExtension/Resources/assets; sourceTree = SOURCE_ROOT; };
		C7622B497ECDB8771E3D9E02 /* ShareView.swift */ = {isa = PBXFileReference; lastKnownFileType = sourcecode.swift; path = ShareView.swift; sourceTree = "<group>"; };
		CA994EC8E1863D30F98F5DF0 /* ShareModel.swift */ = {isa = PBXFileReference; lastKnownFileType = sourcecode.swift; path = ShareModel.swift; sourceTree = "<group>"; };
		E2E03A230BA381FB0FFF529C /* icon */ = {isa = PBXFileReference; lastKnownFileType = folder; name = icon; path = SafariWebExtension/Resources/icon; sourceTree = SOURCE_ROOT; };
		F17AFF5065DB2022281D7DA8 /* content-scripts */ = {isa = PBXFileReference; lastKnownFileType = folder; name = "content-scripts"; path = "SafariWebExtension/Resources/content-scripts"; sourceTree = SOURCE_ROOT; };
		F8D4293A9356D86C9E8027ED /* UPSTREAM-LICENSE */ = {isa = PBXFileReference; path = "UPSTREAM-LICENSE"; sourceTree = "<group>"; };
		FBB84723CF899A5CEA0BD4D7 /* ArchiveBoxUITests.xctest */ = {isa = PBXFileReference; includeInIndex = 0; lastKnownFileType = wrapper.cfbundle; path = ArchiveBoxUITests.xctest; sourceTree = BUILT_PRODUCTS_DIR; };
		FDD644D4A77BA2C5BB937B46 /* _locales */ = {isa = PBXFileReference; lastKnownFileType = folder; name = _locales; path = SafariWebExtension/Resources/_locales; sourceTree = SOURCE_ROOT; };
/* End PBXFileReference section */

/* Begin PBXFrameworksBuildPhase section */
		1631B8F87E9533007E9993D1 /* Frameworks */ = {
			isa = PBXFrameworksBuildPhase;
			buildActionMask = 2147483647;
			files = (
				3C06BBDB333F0F25D342F611 /* ArchiveBoxCore in Frameworks */,
			);
			runOnlyForDeploymentPostprocessing = 0;
		};
		3AA3C545B1BEFD9C66719D3F /* Frameworks */ = {
			isa = PBXFrameworksBuildPhase;
			buildActionMask = 2147483647;
			files = (
				C3F764B5593F2E050F022735 /* ArchiveBoxCore in Frameworks */,
			);
			runOnlyForDeploymentPostprocessing = 0;
		};
		813FD0826ADB50CA9F76B524 /* Frameworks */ = {
			isa = PBXFrameworksBuildPhase;
			buildActionMask = 2147483647;
			files = (
				D094B25C1CCD70DBF206BE6D /* ArchiveBoxCore in Frameworks */,
			);
			runOnlyForDeploymentPostprocessing = 0;
		};
		9B76106DBE54AA8A08F69E31 /* Frameworks */ = {
			isa = PBXFrameworksBuildPhase;
			buildActionMask = 2147483647;
			files = (
				A08F56ECEDF3A9537E7E9FC4 /* ArchiveBoxCore in Frameworks */,
			);
			runOnlyForDeploymentPostprocessing = 0;
		};
		B47E7711D6328389D5D6D187 /* Frameworks */ = {
			isa = PBXFrameworksBuildPhase;
			buildActionMask = 2147483647;
			files = (
				FF3FF97F86C7CF66F057A90D /* ArchiveBoxCore in Frameworks */,
			);
			runOnlyForDeploymentPostprocessing = 0;
		};
		B5B67EE36B50E1E6569B80A7 /* Frameworks */ = {
			isa = PBXFrameworksBuildPhase;
			buildActionMask = 2147483647;
			files = (
				55838DD4DB9A24F5DFBB40A9 /* ArchiveBoxCore in Frameworks */,
			);
			runOnlyForDeploymentPostprocessing = 0;
		};
/* End PBXFrameworksBuildPhase section */

/* Begin PBXGroup section */
		1D78885BFD891E9906E9C67E /* Products */ = {
			isa = PBXGroup;
			children = (
				0E4B3200B2E823AF61D3814E /* ArchiveBox.app */,
				73226E2BE9753E460B4E1BEA /* ArchiveBoxMac.app */,
				5A01472E4A2F1B460B4BD081 /* ArchiveBoxMacSafari.appex */,
				4804FCEBC939FCE6C41C93E1 /* ArchiveBoxMacShare.appex */,
				64A998C41FA84FA2DF5C07B9 /* ArchiveBoxSafari.appex */,
				60A108FCA1936A3321963D9E /* ArchiveBoxShare.appex */,
				FBB84723CF899A5CEA0BD4D7 /* ArchiveBoxUITests.xctest */,
			);
			name = Products;
			sourceTree = "<group>";
		};
		23394C05ACE572F2F631D45B /* SafariWebExtension */ = {
			isa = PBXGroup;
			children = (
				BF2E79F448FC2AC534236C8D /* SafariWebExtensionHandler.swift */,
			);
			path = SafariWebExtension;
			sourceTree = "<group>";
		};
		50207F96BCDFC85B942E38EA = {
			isa = PBXGroup;
			children = (
				FDD644D4A77BA2C5BB937B46 /* _locales */,
				C3256103DC5A80A8AD540B97 /* assets */,
				700EC0793913808E6B0A775D /* chunks */,
				F17AFF5065DB2022281D7DA8 /* content-scripts */,
				E2E03A230BA381FB0FFF529C /* icon */,
				784BE6BF1A8299959A0D69E0 /* App */,
				A669175F8FB0D168AABEABAE /* MacApp */,
				55F90442B7E689BE225CE8A3 /* MacShareExtension */,
				D511BB30C6FC27C3B47633C6 /* Packages */,
				8803382AB21247B36619CE24 /* Resources */,
				23394C05ACE572F2F631D45B /* SafariWebExtension */,
				B260911BC92EC950CF46EBA4 /* ShareExtension */,
				70E99D78A4A6F3672596D179 /* UITests */,
				1D78885BFD891E9906E9C67E /* Products */,
			);
			sourceTree = "<group>";
		};
		55F90442B7E689BE225CE8A3 /* MacShareExtension */ = {
			isa = PBXGroup;
			children = (
				26D7FC91CF3FBEB473925764 /* ArchiveBoxMacShare.entitlements */,
				C086474D26BD7671EE1C84BE /* Info.plist */,
				B79EA74D933530383C6CAEC3 /* MacShareViewController.swift */,
			);
			path = MacShareExtension;
			sourceTree = "<group>";
		};
		70E99D78A4A6F3672596D179 /* UITests */ = {
			isa = PBXGroup;
			children = (
				7E9C25C037A0F204B0BDCF38 /* ArchiveBoxUITests.swift */,
			);
			path = UITests;
			sourceTree = "<group>";
		};
		784BE6BF1A8299959A0D69E0 /* App */ = {
			isa = PBXGroup;
			children = (
				481FA3FA69FE3C31387568BE /* AppEnvironment.swift */,
				67C62B2EC4DA84A38EF9E5A7 /* AppIcon.icon */,
				B47DE619CE801A18C34392BA /* ArchiveBox.entitlements */,
				45E3F6E6DF446194D62ABE87 /* ArchiveBoxApp.swift */,
				06F8051E8FD4E6F293429D02 /* Assets.xcassets */,
				2E58417FC1E8AADB7CBC6FE2 /* Info.plist */,
				9FEF08F660C652A54270A2A7 /* PrivacyInfo.xcprivacy */,
				BE45EBF447663409775DECBA /* SettingsView.swift */,
			);
			path = App;
			sourceTree = "<group>";
		};
		8803382AB21247B36619CE24 /* Resources */ = {
			isa = PBXGroup;
			children = (
				0AC98043D4246025B6A8ACC7 /* apple-connection.js */,
				16007692ED14738E81221067 /* background.js */,
				0A375E50F1CA716143843802 /* manifest.json */,
				92E8F186372A4E02E08177BB /* options.html */,
				64DF0D9729FE1DDD1A9901C7 /* popup.html */,
				F8D4293A9356D86C9E8027ED /* UPSTREAM-LICENSE */,
			);
			name = Resources;
			path = SafariWebExtension/Resources;
			sourceTree = "<group>";
		};
		A669175F8FB0D168AABEABAE /* MacApp */ = {
			isa = PBXGroup;
			children = (
				A2ED54AF5CBA782B38156D97 /* ArchiveBoxMac.entitlements */,
				1146D1C3A69EAFEE61E80547 /* Info.plist */,
			);
			path = MacApp;
			sourceTree = "<group>";
		};
		B260911BC92EC950CF46EBA4 /* ShareExtension */ = {
			isa = PBXGroup;
			children = (
				670CE703145D0F4EDD611457 /* ArchiveBoxShare.entitlements */,
				3F2D38E2255F27E76EC161AF /* Info.plist */,
				CA994EC8E1863D30F98F5DF0 /* ShareModel.swift */,
				C7622B497ECDB8771E3D9E02 /* ShareView.swift */,
				99779D6DCD1E0CDAF64EED92 /* ShareViewController.swift */,
			);
			path = ShareExtension;
			sourceTree = "<group>";
		};
		D511BB30C6FC27C3B47633C6 /* Packages */ = {
			isa = PBXGroup;
			children = (
				4B04B3C87B40752E1F9BD222 /* ios-archivebox */,
			);
			name = Packages;
			sourceTree = "<group>";
		};
/* End PBXGroup section */

/* Begin PBXNativeTarget section */
		2F354F6B7436080F5267E285 /* ArchiveBox */ = {
			isa = PBXNativeTarget;
			buildConfigurationList = B650AA9510E7AD2D4213C868 /* Build configuration list for PBXNativeTarget "ArchiveBox" */;
			buildPhases = (
				34830900E512D9084BFB1555 /* Sources */,
				BEC7CE719728F2689859EC29 /* Resources */,
				9B76106DBE54AA8A08F69E31 /* Frameworks */,
				01577DFF99719A252CB231EB /* Embed Foundation Extensions */,
			);
			buildRules = (
			);
			dependencies = (
				31EFACC29AF5096F0C1FE3C6 /* PBXTargetDependency */,
				8EA7641CEDD7576D88D42F9F /* PBXTargetDependency */,
			);
			name = ArchiveBox;
			packageProductDependencies = (
				0AC5B1EA1ECF83B6CA12949F /* ArchiveBoxCore */,
			);
			productName = ArchiveBox;
			productReference = 0E4B3200B2E823AF61D3814E /* ArchiveBox.app */;
			productType = "com.apple.product-type.application";
		};
		3573FC4C69CC65084AC6C07E /* ArchiveBoxMacShare */ = {
			isa = PBXNativeTarget;
			buildConfigurationList = 36981B3A2FE2A1EB7D968050 /* Build configuration list for PBXNativeTarget "ArchiveBoxMacShare" */;
			buildPhases = (
				5A254BE08254FC77C43A6DD5 /* Sources */,
				F64B2BA320CB44980A128DF9 /* Resources */,
				1631B8F87E9533007E9993D1 /* Frameworks */,
			);
			buildRules = (
			);
			dependencies = (
			);
			name = ArchiveBoxMacShare;
			packageProductDependencies = (
				9C7D1080D879852987592696 /* ArchiveBoxCore */,
			);
			productName = ArchiveBoxMacShare;
			productReference = 4804FCEBC939FCE6C41C93E1 /* ArchiveBoxMacShare.appex */;
			productType = "com.apple.product-type.app-extension";
		};
		41E3A1E5F21ADB10B76E1E44 /* ArchiveBoxMacSafari */ = {
			isa = PBXNativeTarget;
			buildConfigurationList = 8CE5E4B495004A051152FCC5 /* Build configuration list for PBXNativeTarget "ArchiveBoxMacSafari" */;
			buildPhases = (
				D99A8C738B79D4FB78CB81C1 /* Sources */,
				D04FAF6F360F8AE07B514C1D /* Resources */,
				B47E7711D6328389D5D6D187 /* Frameworks */,
			);
			buildRules = (
			);
			dependencies = (
			);
			name = ArchiveBoxMacSafari;
			packageProductDependencies = (
				3A614EEE696BEEF4D8A4877D /* ArchiveBoxCore */,
			);
			productName = ArchiveBoxMacSafari;
			productReference = 5A01472E4A2F1B460B4BD081 /* ArchiveBoxMacSafari.appex */;
			productType = "com.apple.product-type.app-extension";
		};
		50A32FE4A694860FFEBA4276 /* ArchiveBoxShare */ = {
			isa = PBXNativeTarget;
			buildConfigurationList = B516C2CED62F57DAB50E7D01 /* Build configuration list for PBXNativeTarget "ArchiveBoxShare" */;
			buildPhases = (
				EC295D16B3004070EC3FD96B /* Sources */,
				9BA963367B90815B7C7DE758 /* Resources */,
				3AA3C545B1BEFD9C66719D3F /* Frameworks */,
			);
			buildRules = (
			);
			dependencies = (
			);
			name = ArchiveBoxShare;
			packageProductDependencies = (
				4D29C759A2A9C2D4EA55954D /* ArchiveBoxCore */,
			);
			productName = ArchiveBoxShare;
			productReference = 60A108FCA1936A3321963D9E /* ArchiveBoxShare.appex */;
			productType = "com.apple.product-type.app-extension";
		};
		5FFDBAD111C77C63402E4403 /* ArchiveBoxMac */ = {
			isa = PBXNativeTarget;
			buildConfigurationList = 9B00B40DEE945BCF3725F6E7 /* Build configuration list for PBXNativeTarget "ArchiveBoxMac" */;
			buildPhases = (
				6DCE8AFB352C1549FBAC182D /* Sources */,
				47C69F19A84F14F557005E0D /* Resources */,
				B5B67EE36B50E1E6569B80A7 /* Frameworks */,
				A1E0401938A41541202A7B55 /* Embed Foundation Extensions */,
			);
			buildRules = (
			);
			dependencies = (
				6FA8B0E79F0E542A9C2F95E4 /* PBXTargetDependency */,
				DB190E715E826C1E3DCE600D /* PBXTargetDependency */,
			);
			name = ArchiveBoxMac;
			packageProductDependencies = (
				EFF02EE6D13AD0A4F7430DBB /* ArchiveBoxCore */,
			);
			productName = ArchiveBoxMac;
			productReference = 73226E2BE9753E460B4E1BEA /* ArchiveBoxMac.app */;
			productType = "com.apple.product-type.application";
		};
		6D491070560A39943EBA4B59 /* ArchiveBoxUITests */ = {
			isa = PBXNativeTarget;
			buildConfigurationList = BBE9625B9F94789B1BB0ED1A /* Build configuration list for PBXNativeTarget "ArchiveBoxUITests" */;
			buildPhases = (
				3838BCFE3FCF213C5B0DD891 /* Sources */,
			);
			buildRules = (
			);
			dependencies = (
				09D27DCD10E24BB0B88F778E /* PBXTargetDependency */,
			);
			name = ArchiveBoxUITests;
			packageProductDependencies = (
			);
			productName = ArchiveBoxUITests;
			productReference = FBB84723CF899A5CEA0BD4D7 /* ArchiveBoxUITests.xctest */;
			productType = "com.apple.product-type.bundle.ui-testing";
		};
		ECFB6D1C2A524948E817077A /* ArchiveBoxSafari */ = {
			isa = PBXNativeTarget;
			buildConfigurationList = FCD447D77B5B79244E4EBA17 /* Build configuration list for PBXNativeTarget "ArchiveBoxSafari" */;
			buildPhases = (
				D110D7D6623FEA6F35F66D7C /* Sources */,
				80C912D358EEDC6EBE63B96B /* Resources */,
				813FD0826ADB50CA9F76B524 /* Frameworks */,
			);
			buildRules = (
			);
			dependencies = (
			);
			name = ArchiveBoxSafari;
			packageProductDependencies = (
				556C1F956DBFCD7A35C71C4A /* ArchiveBoxCore */,
			);
			productName = ArchiveBoxSafari;
			productReference = 64A998C41FA84FA2DF5C07B9 /* ArchiveBoxSafari.appex */;
			productType = "com.apple.product-type.app-extension";
		};
/* End PBXNativeTarget section */

/* Begin PBXProject section */
		78742D05FF6332E49FF7A1B7 /* Project object */ = {
			isa = PBXProject;
			attributes = {
				BuildIndependentTargetsInParallel = YES;
				LastUpgradeCheck = 2600;
				TargetAttributes = {
					2F354F6B7436080F5267E285 = {
						DevelopmentTeam = "";
						ProvisioningStyle = Automatic;
					};
					3573FC4C69CC65084AC6C07E = {
						DevelopmentTeam = "";
						ProvisioningStyle = Automatic;
					};
					41E3A1E5F21ADB10B76E1E44 = {
						DevelopmentTeam = "";
						ProvisioningStyle = Automatic;
					};
					50A32FE4A694860FFEBA4276 = {
						DevelopmentTeam = "";
						ProvisioningStyle = Automatic;
					};
					5FFDBAD111C77C63402E4403 = {
						DevelopmentTeam = "";
						ProvisioningStyle = Automatic;
					};
					6D491070560A39943EBA4B59 = {
						DevelopmentTeam = "";
						ProvisioningStyle = Automatic;
						TestTargetID = 2F354F6B7436080F5267E285;
					};
					ECFB6D1C2A524948E817077A = {
						DevelopmentTeam = "";
						ProvisioningStyle = Automatic;
					};
				};
			};
			buildConfigurationList = 1B20585069B37A0AF5AA52FC /* Build configuration list for PBXProject "ArchiveBox" */;
			developmentRegion = en;
			hasScannedForEncodings = 0;
			knownRegions = (
				Base,
				en,
			);
			mainGroup = 50207F96BCDFC85B942E38EA;
			minimizedProjectReferenceProxies = 1;
			packageReferences = (
				D1B343727B33866307EE2794 /* XCLocalSwiftPackageReference "." */,
			);
			preferredProjectObjectVersion = 77;
			productRefGroup = 1D78885BFD891E9906E9C67E /* Products */;
			projectDirPath = "";
			projectRoot = "";
			targets = (
				2F354F6B7436080F5267E285 /* ArchiveBox */,
				50A32FE4A694860FFEBA4276 /* ArchiveBoxShare */,
				6D491070560A39943EBA4B59 /* ArchiveBoxUITests */,
				5FFDBAD111C77C63402E4403 /* ArchiveBoxMac */,
				3573FC4C69CC65084AC6C07E /* ArchiveBoxMacShare */,
				ECFB6D1C2A524948E817077A /* ArchiveBoxSafari */,
				41E3A1E5F21ADB10B76E1E44 /* ArchiveBoxMacSafari */,
			);
		};
/* End PBXProject section */

/* Begin PBXResourcesBuildPhase section */
		47C69F19A84F14F557005E0D /* Resources */ = {
			isa = PBXResourcesBuildPhase;
			buildActionMask = 2147483647;
			files = (
				D6F26885583F5A08B2DB7A06 /* AppIcon.icon in Resources */,
				4675EE9F7878E54B4C075B09 /* Assets.xcassets in Resources */,
				F01CE36160D577C892777BDA /* PrivacyInfo.xcprivacy in Resources */,
			);
			runOnlyForDeploymentPostprocessing = 0;
		};
		80C912D358EEDC6EBE63B96B /* Resources */ = {
			isa = PBXResourcesBuildPhase;
			buildActionMask = 2147483647;
			files = (
				8BC10DF439FDD9435F9B954D /* UPSTREAM-LICENSE in Resources */,
				026056B5D84F86BE619609D0 /* _locales in Resources */,
				353A74C9A4FAD76E459E0761 /* apple-connection.js in Resources */,
				0D70CFF96AEC2EF116B9F30A /* assets in Resources */,
				8A9221ACA79A17D5B2E21616 /* background.js in Resources */,
				172FB23D038018B6A6CAD2CF /* chunks in Resources */,
				2B478FA873656A2AA4F97377 /* content-scripts in Resources */,
				53F946923FBCF8A0BF70562A /* icon in Resources */,
				4D643A9D6846CEA7B4FBD315 /* manifest.json in Resources */,
				0A714D24354FD9BAB2F5877D /* options.html in Resources */,
				63BE8629890FEC1ABF6A20AA /* popup.html in Resources */,
			);
			runOnlyForDeploymentPostprocessing = 0;
		};
		9BA963367B90815B7C7DE758 /* Resources */ = {
			isa = PBXResourcesBuildPhase;
			buildActionMask = 2147483647;
			files = (
				5FE61C9D9A2578A21250E922 /* Assets.xcassets in Resources */,
			);
			runOnlyForDeploymentPostprocessing = 0;
		};
		BEC7CE719728F2689859EC29 /* Resources */ = {
			isa = PBXResourcesBuildPhase;
			buildActionMask = 2147483647;
			files = (
				08CF496446755EE1F61A5B46 /* AppIcon.icon in Resources */,
				B90B871600969B03C521AAAF /* Assets.xcassets in Resources */,
				62CBF5EEE11B21764655808C /* PrivacyInfo.xcprivacy in Resources */,
			);
			runOnlyForDeploymentPostprocessing = 0;
		};
		D04FAF6F360F8AE07B514C1D /* Resources */ = {
			isa = PBXResourcesBuildPhase;
			buildActionMask = 2147483647;
			files = (
				3FB18E652C02A60C0A57C975 /* UPSTREAM-LICENSE in Resources */,
				62470585441B48C32967C3ED /* _locales in Resources */,
				002B3D75BC727B9856F2AE60 /* apple-connection.js in Resources */,
				C762FEE56C423D2748B3D520 /* assets in Resources */,
				4AEA89771CE1AF960555109D /* background.js in Resources */,
				C30245C01B779BBBD663B6AC /* chunks in Resources */,
				83A73898A46B0711D2C51E51 /* content-scripts in Resources */,
				BEC4F67F0C1F8B6C71FA7530 /* icon in Resources */,
				E25563AC0CB0DDDE51D1B49F /* manifest.json in Resources */,
				4BAE4F89A18FF22BD15E47E5 /* options.html in Resources */,
				E3E17DDB49D45B7E663F0361 /* popup.html in Resources */,
			);
			runOnlyForDeploymentPostprocessing = 0;
		};
		F64B2BA320CB44980A128DF9 /* Resources */ = {
			isa = PBXResourcesBuildPhase;
			buildActionMask = 2147483647;
			files = (
				27A5B1EC1DC952B955E3BBDA /* Assets.xcassets in Resources */,
			);
			runOnlyForDeploymentPostprocessing = 0;
		};
/* End PBXResourcesBuildPhase section */

/* Begin PBXSourcesBuildPhase section */
		34830900E512D9084BFB1555 /* Sources */ = {
			isa = PBXSourcesBuildPhase;
			buildActionMask = 2147483647;
			files = (
				A9471D3223421DB739C368C0 /* AppEnvironment.swift in Sources */,
				B0FE976378BA828B33A4D0FA /* ArchiveBoxApp.swift in Sources */,
				61993E0DC6606E24A95457A9 /* SettingsView.swift in Sources */,
			);
			runOnlyForDeploymentPostprocessing = 0;
		};
		3838BCFE3FCF213C5B0DD891 /* Sources */ = {
			isa = PBXSourcesBuildPhase;
			buildActionMask = 2147483647;
			files = (
				CDBF48D4069574C7510D6A7B /* ArchiveBoxUITests.swift in Sources */,
			);
			runOnlyForDeploymentPostprocessing = 0;
		};
		5A254BE08254FC77C43A6DD5 /* Sources */ = {
			isa = PBXSourcesBuildPhase;
			buildActionMask = 2147483647;
			files = (
				1975E82F4F9F9C01D9B31347 /* AppEnvironment.swift in Sources */,
				278968F1B897252967362CE7 /* MacShareViewController.swift in Sources */,
				6ED001E7250A7E026023B216 /* ShareModel.swift in Sources */,
				40C4A0D17BEBB299348E0DB1 /* ShareView.swift in Sources */,
			);
			runOnlyForDeploymentPostprocessing = 0;
		};
		6DCE8AFB352C1549FBAC182D /* Sources */ = {
			isa = PBXSourcesBuildPhase;
			buildActionMask = 2147483647;
			files = (
				DB8083BDE0D9F292E4564360 /* AppEnvironment.swift in Sources */,
				88DC73A38B41EB557E9C4BDC /* ArchiveBoxApp.swift in Sources */,
				70DAF88A8D9F4EB1A02CD8B4 /* SettingsView.swift in Sources */,
			);
			runOnlyForDeploymentPostprocessing = 0;
		};
		D110D7D6623FEA6F35F66D7C /* Sources */ = {
			isa = PBXSourcesBuildPhase;
			buildActionMask = 2147483647;
			files = (
				BD74A8EB5E42646A16A3B168 /* AppEnvironment.swift in Sources */,
				D890E0D145C8344D6AF91B35 /* SafariWebExtensionHandler.swift in Sources */,
			);
			runOnlyForDeploymentPostprocessing = 0;
		};
		D99A8C738B79D4FB78CB81C1 /* Sources */ = {
			isa = PBXSourcesBuildPhase;
			buildActionMask = 2147483647;
			files = (
				27E690C9BFA8B6ADFB8FAA92 /* AppEnvironment.swift in Sources */,
				0C85A003C2E9091718B1E168 /* SafariWebExtensionHandler.swift in Sources */,
			);
			runOnlyForDeploymentPostprocessing = 0;
		};
		EC295D16B3004070EC3FD96B /* Sources */ = {
			isa = PBXSourcesBuildPhase;
			buildActionMask = 2147483647;
			files = (
				65D2AC69EA2BEC5C1C2B113C /* AppEnvironment.swift in Sources */,
				16C42C0D526520E94B065FEE /* ShareModel.swift in Sources */,
				B34C64B7C7E061BB1E9002DF /* ShareView.swift in Sources */,
				0A07F42B02BE8808F0E1B6BB /* ShareViewController.swift in Sources */,
			);
			runOnlyForDeploymentPostprocessing = 0;
		};
/* End PBXSourcesBuildPhase section */

/* Begin PBXTargetDependency section */
		09D27DCD10E24BB0B88F778E /* PBXTargetDependency */ = {
			isa = PBXTargetDependency;
			target = 2F354F6B7436080F5267E285 /* ArchiveBox */;
			targetProxy = 79D0EF28121EA6322DBB3481 /* PBXContainerItemProxy */;
		};
		31EFACC29AF5096F0C1FE3C6 /* PBXTargetDependency */ = {
			isa = PBXTargetDependency;
			target = 50A32FE4A694860FFEBA4276 /* ArchiveBoxShare */;
			targetProxy = 1D536F0AC9ACDDDA25D67258 /* PBXContainerItemProxy */;
		};
		6FA8B0E79F0E542A9C2F95E4 /* PBXTargetDependency */ = {
			isa = PBXTargetDependency;
			target = 3573FC4C69CC65084AC6C07E /* ArchiveBoxMacShare */;
			targetProxy = 2BCFA8012F576008AC86D135 /* PBXContainerItemProxy */;
		};
		8EA7641CEDD7576D88D42F9F /* PBXTargetDependency */ = {
			isa = PBXTargetDependency;
			target = ECFB6D1C2A524948E817077A /* ArchiveBoxSafari */;
			targetProxy = BBEFCB9059EE8EECEEA621AC /* PBXContainerItemProxy */;
		};
		DB190E715E826C1E3DCE600D /* PBXTargetDependency */ = {
			isa = PBXTargetDependency;
			target = 41E3A1E5F21ADB10B76E1E44 /* ArchiveBoxMacSafari */;
			targetProxy = 21B139B969CAFDB41FA8C1A4 /* PBXContainerItemProxy */;
		};
/* End PBXTargetDependency section */

/* Begin XCBuildConfiguration section */
		0EFD3B630FED3B38FCB68570 /* Release */ = {
			isa = XCBuildConfiguration;
			buildSettings = {
				ASSETCATALOG_COMPILER_APPICON_NAME = AppIcon;
				CODE_SIGN_ENTITLEMENTS = MacApp/ArchiveBoxMac.entitlements;
				COMBINE_HIDPI_IMAGES = YES;
				ENABLE_HARDENED_RUNTIME = YES;
				INFOPLIST_FILE = MacApp/Info.plist;
				LD_RUNPATH_SEARCH_PATHS = (
					"$(inherited)",
					"@executable_path/../Frameworks",
				);
				PRODUCT_BUNDLE_IDENTIFIER = io.archivebox.ArchiveBox;
				PRODUCT_NAME = ArchiveBox;
				SDKROOT = macosx;
			};
			name = Release;
		};
		0F1C41D5152662C77A87AC7F /* Release */ = {
			isa = XCBuildConfiguration;
			buildSettings = {
				APPLICATION_EXTENSION_API_ONLY = YES;
				CODE_SIGN_ENTITLEMENTS = ShareExtension/ArchiveBoxShare.entitlements;
				INFOPLIST_FILE = ShareExtension/Info.plist;
				LD_RUNPATH_SEARCH_PATHS = (
					"$(inherited)",
					"@executable_path/Frameworks",
					"@executable_path/../../Frameworks",
				);
				PRODUCT_BUNDLE_IDENTIFIER = io.archivebox.ArchiveBox.Share;
				SDKROOT = iphoneos;
				SKIP_INSTALL = YES;
				TARGETED_DEVICE_FAMILY = "1,2";
			};
			name = Release;
		};
		2A30248D85729E0D764C55E4 /* Debug */ = {
			isa = XCBuildConfiguration;
			buildSettings = {
				ASSETCATALOG_COMPILER_APPICON_NAME = AppIcon;
				CODE_SIGN_ENTITLEMENTS = MacApp/ArchiveBoxMac.entitlements;
				COMBINE_HIDPI_IMAGES = YES;
				ENABLE_HARDENED_RUNTIME = YES;
				INFOPLIST_FILE = MacApp/Info.plist;
				LD_RUNPATH_SEARCH_PATHS = (
					"$(inherited)",
					"@executable_path/../Frameworks",
				);
				PRODUCT_BUNDLE_IDENTIFIER = io.archivebox.ArchiveBox;
				PRODUCT_NAME = ArchiveBox;
				SDKROOT = macosx;
			};
			name = Debug;
		};
		68175D481BD4B1FCC08A7857 /* Release */ = {
			isa = XCBuildConfiguration;
			buildSettings = {
				APPLICATION_EXTENSION_API_ONLY = YES;
				CODE_SIGN_ENTITLEMENTS = MacShareExtension/ArchiveBoxMacShare.entitlements;
				COMBINE_HIDPI_IMAGES = YES;
				ENABLE_HARDENED_RUNTIME = YES;
				INFOPLIST_FILE = MacShareExtension/Info.plist;
				LD_RUNPATH_SEARCH_PATHS = (
					"$(inherited)",
					"@executable_path/../Frameworks",
					"@executable_path/../../../../Frameworks",
				);
				PRODUCT_BUNDLE_IDENTIFIER = io.archivebox.ArchiveBox.Share;
				SDKROOT = macosx;
				SKIP_INSTALL = YES;
			};
			name = Release;
		};
		692F67B12714D73A1EE39ABD /* Release */ = {
			isa = XCBuildConfiguration;
			buildSettings = {
				APPLICATION_EXTENSION_API_ONLY = YES;
				CODE_SIGN_ENTITLEMENTS = SafariWebExtension/ArchiveBoxMacSafari.entitlements;
				COMBINE_HIDPI_IMAGES = YES;
				ENABLE_HARDENED_RUNTIME = YES;
				INFOPLIST_FILE = "SafariWebExtension/Info-macOS.plist";
				LD_RUNPATH_SEARCH_PATHS = (
					"$(inherited)",
					"@executable_path/../Frameworks",
					"@executable_path/../../../../Frameworks",
				);
				PRODUCT_BUNDLE_IDENTIFIER = io.archivebox.ArchiveBox.Safari;
				SDKROOT = macosx;
				SKIP_INSTALL = YES;
			};
			name = Release;
		};
		7762F189BDA2883C5F588BC8 /* Debug */ = {
			isa = XCBuildConfiguration;
			buildSettings = {
				APPLICATION_EXTENSION_API_ONLY = YES;
				CODE_SIGN_ENTITLEMENTS = MacShareExtension/ArchiveBoxMacShare.entitlements;
				COMBINE_HIDPI_IMAGES = YES;
				ENABLE_HARDENED_RUNTIME = YES;
				INFOPLIST_FILE = MacShareExtension/Info.plist;
				LD_RUNPATH_SEARCH_PATHS = (
					"$(inherited)",
					"@executable_path/../Frameworks",
					"@executable_path/../../../../Frameworks",
				);
				PRODUCT_BUNDLE_IDENTIFIER = io.archivebox.ArchiveBox.Share;
				SDKROOT = macosx;
				SKIP_INSTALL = YES;
			};
			name = Debug;
		};
		8B0ACE1DEB4693B100E7FB7A /* Debug */ = {
			isa = XCBuildConfiguration;
			buildSettings = {
				BUNDLE_LOADER = "$(TEST_HOST)";
				GENERATE_INFOPLIST_FILE = YES;
				LD_RUNPATH_SEARCH_PATHS = (
					"$(inherited)",
					"@executable_path/Frameworks",
					"@loader_path/Frameworks",
				);
				PRODUCT_BUNDLE_IDENTIFIER = io.archivebox.ArchiveBoxUITests;
				SDKROOT = iphoneos;
				TARGETED_DEVICE_FAMILY = "1,2";
				TEST_TARGET_NAME = ArchiveBox;
			};
			name = Debug;
		};
		9CA7E8A417BF1313A4994E9D /* Debug */ = {
			isa = XCBuildConfiguration;
			buildSettings = {
				APPLICATION_EXTENSION_API_ONLY = YES;
				CODE_SIGN_ENTITLEMENTS = ShareExtension/ArchiveBoxShare.entitlements;
				INFOPLIST_FILE = ShareExtension/Info.plist;
				LD_RUNPATH_SEARCH_PATHS = (
					"$(inherited)",
					"@executable_path/Frameworks",
					"@executable_path/../../Frameworks",
				);
				PRODUCT_BUNDLE_IDENTIFIER = io.archivebox.ArchiveBox.Share;
				SDKROOT = iphoneos;
				SKIP_INSTALL = YES;
				TARGETED_DEVICE_FAMILY = "1,2";
			};
			name = Debug;
		};
		C14177BE99DA04087C6DEB52 /* Release */ = {
			isa = XCBuildConfiguration;
			buildSettings = {
				BUNDLE_LOADER = "$(TEST_HOST)";
				GENERATE_INFOPLIST_FILE = YES;
				LD_RUNPATH_SEARCH_PATHS = (
					"$(inherited)",
					"@executable_path/Frameworks",
					"@loader_path/Frameworks",
				);
				PRODUCT_BUNDLE_IDENTIFIER = io.archivebox.ArchiveBoxUITests;
				SDKROOT = iphoneos;
				TARGETED_DEVICE_FAMILY = "1,2";
				TEST_TARGET_NAME = ArchiveBox;
			};
			name = Release;
		};
		C3C0EBC8B6E7284AB0735BF4 /* Debug */ = {
			isa = XCBuildConfiguration;
			buildSettings = {
				ALWAYS_SEARCH_USER_PATHS = NO;
				ARCHIVEBOX_KEYCHAIN_GROUP = "$(AppIdentifierPrefix)io.archivebox.shared";
				ASSETCATALOG_COMPILER_GLOBAL_ACCENT_COLOR_NAME = AccentColor;
				CLANG_ANALYZER_NONNULL = YES;
				CLANG_ANALYZER_NUMBER_OBJECT_CONVERSION = YES_AGGRESSIVE;
				CLANG_CXX_LANGUAGE_STANDARD = "gnu++14";
				CLANG_CXX_LIBRARY = "libc++";
				CLANG_ENABLE_MODULES = YES;
				CLANG_ENABLE_OBJC_ARC = YES;
				CLANG_ENABLE_OBJC_WEAK = YES;
				CLANG_WARN_BLOCK_CAPTURE_AUTORELEASING = YES;
				CLANG_WARN_BOOL_CONVERSION = YES;
				CLANG_WARN_COMMA = YES;
				CLANG_WARN_CONSTANT_CONVERSION = YES;
				CLANG_WARN_DEPRECATED_OBJC_IMPLEMENTATIONS = YES;
				CLANG_WARN_DIRECT_OBJC_ISA_USAGE = YES_ERROR;
				CLANG_WARN_DOCUMENTATION_COMMENTS = YES;
				CLANG_WARN_EMPTY_BODY = YES;
				CLANG_WARN_ENUM_CONVERSION = YES;
				CLANG_WARN_INFINITE_RECURSION = YES;
				CLANG_WARN_INT_CONVERSION = YES;
				CLANG_WARN_NON_LITERAL_NULL_CONVERSION = YES;
				CLANG_WARN_OBJC_IMPLICIT_RETAIN_SELF = YES;
				CLANG_WARN_OBJC_LITERAL_CONVERSION = YES;
				CLANG_WARN_OBJC_ROOT_CLASS = YES_ERROR;
				CLANG_WARN_QUOTED_INCLUDE_IN_FRAMEWORK_HEADER = YES;
				CLANG_WARN_RANGE_LOOP_ANALYSIS = YES;
				CLANG_WARN_STRICT_PROTOTYPES = YES;
				CLANG_WARN_SUSPICIOUS_MOVE = YES;
				CLANG_WARN_UNGUARDED_AVAILABILITY = YES_AGGRESSIVE;
				CLANG_WARN_UNREACHABLE_CODE = YES;
				CLANG_WARN__DUPLICATE_METHOD_MATCH = YES;
				CODE_SIGN_STYLE = Automatic;
				COPY_PHASE_STRIP = NO;
				CURRENT_PROJECT_VERSION = 1;
				DEBUG_INFORMATION_FORMAT = dwarf;
				DEVELOPMENT_TEAM = "";
				ENABLE_STRICT_OBJC_MSGSEND = YES;
				ENABLE_TESTABILITY = YES;
				ENABLE_USER_SCRIPT_SANDBOXING = YES;
				GCC_C_LANGUAGE_STANDARD = gnu11;
				GCC_DYNAMIC_NO_PIC = NO;
				GCC_NO_COMMON_BLOCKS = YES;
				GCC_OPTIMIZATION_LEVEL = 0;
				GCC_PREPROCESSOR_DEFINITIONS = (
					"$(inherited)",
					"DEBUG=1",
				);
				GCC_WARN_64_TO_32_BIT_CONVERSION = YES;
				GCC_WARN_ABOUT_RETURN_TYPE = YES_ERROR;
				GCC_WARN_UNDECLARED_SELECTOR = YES;
				GCC_WARN_UNINITIALIZED_AUTOS = YES_AGGRESSIVE;
				GCC_WARN_UNUSED_FUNCTION = YES;
				GCC_WARN_UNUSED_VARIABLE = YES;
				GENERATE_INFOPLIST_FILE = NO;
				IPHONEOS_DEPLOYMENT_TARGET = 26.0;
				MACOSX_DEPLOYMENT_TARGET = 26.0;
				MARKETING_VERSION = 0.1.0;
				MTL_ENABLE_DEBUG_INFO = INCLUDE_SOURCE;
				MTL_FAST_MATH = YES;
				ONLY_ACTIVE_ARCH = YES;
				PRODUCT_NAME = "$(TARGET_NAME)";
				SUPPORTS_MACCATALYST = NO;
				SUPPORTS_XR_DESIGNED_FOR_IPHONE_IPAD = NO;
				SWIFT_ACTIVE_COMPILATION_CONDITIONS = DEBUG;
				SWIFT_OPTIMIZATION_LEVEL = "-Onone";
				SWIFT_VERSION = 6.0;
				TARGETED_DEVICE_FAMILY = "1,2";
			};
			name = Debug;
		};
		D89CADE9484AB672BEDB3781 /* Release */ = {
			isa = XCBuildConfiguration;
			buildSettings = {
				APPLICATION_EXTENSION_API_ONLY = YES;
				CODE_SIGN_ENTITLEMENTS = SafariWebExtension/ArchiveBoxSafari.entitlements;
				INFOPLIST_FILE = "SafariWebExtension/Info-iOS.plist";
				LD_RUNPATH_SEARCH_PATHS = (
					"$(inherited)",
					"@executable_path/Frameworks",
					"@executable_path/../../Frameworks",
				);
				PRODUCT_BUNDLE_IDENTIFIER = io.archivebox.ArchiveBox.Safari;
				SDKROOT = iphoneos;
				SKIP_INSTALL = YES;
				TARGETED_DEVICE_FAMILY = "1,2";
			};
			name = Release;
		};
		E0B13A9390EFBE6C36FD17FA /* Debug */ = {
			isa = XCBuildConfiguration;
			buildSettings = {
				APPLICATION_EXTENSION_API_ONLY = YES;
				CODE_SIGN_ENTITLEMENTS = SafariWebExtension/ArchiveBoxSafari.entitlements;
				INFOPLIST_FILE = "SafariWebExtension/Info-iOS.plist";
				LD_RUNPATH_SEARCH_PATHS = (
					"$(inherited)",
					"@executable_path/Frameworks",
					"@executable_path/../../Frameworks",
				);
				PRODUCT_BUNDLE_IDENTIFIER = io.archivebox.ArchiveBox.Safari;
				SDKROOT = iphoneos;
				SKIP_INSTALL = YES;
				TARGETED_DEVICE_FAMILY = "1,2";
			};
			name = Debug;
		};
		E34BCE72072BD7B96F2E8EEF /* Release */ = {
			isa = XCBuildConfiguration;
			buildSettings = {
				ALWAYS_SEARCH_USER_PATHS = NO;
				ARCHIVEBOX_KEYCHAIN_GROUP = "$(AppIdentifierPrefix)io.archivebox.shared";
				ASSETCATALOG_COMPILER_GLOBAL_ACCENT_COLOR_NAME = AccentColor;
				CLANG_ANALYZER_NONNULL = YES;
				CLANG_ANALYZER_NUMBER_OBJECT_CONVERSION = YES_AGGRESSIVE;
				CLANG_CXX_LANGUAGE_STANDARD = "gnu++14";
				CLANG_CXX_LIBRARY = "libc++";
				CLANG_ENABLE_MODULES = YES;
				CLANG_ENABLE_OBJC_ARC = YES;
				CLANG_ENABLE_OBJC_WEAK = YES;
				CLANG_WARN_BLOCK_CAPTURE_AUTORELEASING = YES;
				CLANG_WARN_BOOL_CONVERSION = YES;
				CLANG_WARN_COMMA = YES;
				CLANG_WARN_CONSTANT_CONVERSION = YES;
				CLANG_WARN_DEPRECATED_OBJC_IMPLEMENTATIONS = YES;
				CLANG_WARN_DIRECT_OBJC_ISA_USAGE = YES_ERROR;
				CLANG_WARN_DOCUMENTATION_COMMENTS = YES;
				CLANG_WARN_EMPTY_BODY = YES;
				CLANG_WARN_ENUM_CONVERSION = YES;
				CLANG_WARN_INFINITE_RECURSION = YES;
				CLANG_WARN_INT_CONVERSION = YES;
				CLANG_WARN_NON_LITERAL_NULL_CONVERSION = YES;
				CLANG_WARN_OBJC_IMPLICIT_RETAIN_SELF = YES;
				CLANG_WARN_OBJC_LITERAL_CONVERSION = YES;
				CLANG_WARN_OBJC_ROOT_CLASS = YES_ERROR;
				CLANG_WARN_QUOTED_INCLUDE_IN_FRAMEWORK_HEADER = YES;
				CLANG_WARN_RANGE_LOOP_ANALYSIS = YES;
				CLANG_WARN_STRICT_PROTOTYPES = YES;
				CLANG_WARN_SUSPICIOUS_MOVE = YES;
				CLANG_WARN_UNGUARDED_AVAILABILITY = YES_AGGRESSIVE;
				CLANG_WARN_UNREACHABLE_CODE = YES;
				CLANG_WARN__DUPLICATE_METHOD_MATCH = YES;
				CODE_SIGN_STYLE = Automatic;
				COPY_PHASE_STRIP = NO;
				CURRENT_PROJECT_VERSION = 1;
				DEBUG_INFORMATION_FORMAT = "dwarf-with-dsym";
				DEVELOPMENT_TEAM = "";
				ENABLE_NS_ASSERTIONS = NO;
				ENABLE_STRICT_OBJC_MSGSEND = YES;
				ENABLE_USER_SCRIPT_SANDBOXING = YES;
				GCC_C_LANGUAGE_STANDARD = gnu11;
				GCC_NO_COMMON_BLOCKS = YES;
				GCC_WARN_64_TO_32_BIT_CONVERSION = YES;
				GCC_WARN_ABOUT_RETURN_TYPE = YES_ERROR;
				GCC_WARN_UNDECLARED_SELECTOR = YES;
				GCC_WARN_UNINITIALIZED_AUTOS = YES_AGGRESSIVE;
				GCC_WARN_UNUSED_FUNCTION = YES;
				GCC_WARN_UNUSED_VARIABLE = YES;
				GENERATE_INFOPLIST_FILE = NO;
				IPHONEOS_DEPLOYMENT_TARGET = 26.0;
				MACOSX_DEPLOYMENT_TARGET = 26.0;
				MARKETING_VERSION = 0.1.0;
				MTL_ENABLE_DEBUG_INFO = NO;
				MTL_FAST_MATH = YES;
				PRODUCT_NAME = "$(TARGET_NAME)";
				SUPPORTS_MACCATALYST = NO;
				SUPPORTS_XR_DESIGNED_FOR_IPHONE_IPAD = NO;
				SWIFT_COMPILATION_MODE = wholemodule;
				SWIFT_OPTIMIZATION_LEVEL = "-O";
				SWIFT_VERSION = 6.0;
				TARGETED_DEVICE_FAMILY = "1,2";
			};
			name = Release;
		};
		E660A9D2ECB2074DBED28218 /* Debug */ = {
			isa = XCBuildConfiguration;
			buildSettings = {
				APPLICATION_EXTENSION_API_ONLY = YES;
				CODE_SIGN_ENTITLEMENTS = SafariWebExtension/ArchiveBoxMacSafari.entitlements;
				COMBINE_HIDPI_IMAGES = YES;
				ENABLE_HARDENED_RUNTIME = YES;
				INFOPLIST_FILE = "SafariWebExtension/Info-macOS.plist";
				LD_RUNPATH_SEARCH_PATHS = (
					"$(inherited)",
					"@executable_path/../Frameworks",
					"@executable_path/../../../../Frameworks",
				);
				PRODUCT_BUNDLE_IDENTIFIER = io.archivebox.ArchiveBox.Safari;
				SDKROOT = macosx;
				SKIP_INSTALL = YES;
			};
			name = Debug;
		};
		EFACD3BD9CE8D3656819EA7E /* Release */ = {
			isa = XCBuildConfiguration;
			buildSettings = {
				ASSETCATALOG_COMPILER_APPICON_NAME = AppIcon;
				CODE_SIGN_ENTITLEMENTS = App/ArchiveBox.entitlements;
				CODE_SIGN_IDENTITY = "iPhone Developer";
				INFOPLIST_FILE = App/Info.plist;
				LD_RUNPATH_SEARCH_PATHS = (
					"$(inherited)",
					"@executable_path/Frameworks",
				);
				PRODUCT_BUNDLE_IDENTIFIER = io.archivebox.ArchiveBox;
				SDKROOT = iphoneos;
				TARGETED_DEVICE_FAMILY = "1,2";
			};
			name = Release;
		};
		FF48B9164F2D97FE43E3A0A5 /* Debug */ = {
			isa = XCBuildConfiguration;
			buildSettings = {
				ASSETCATALOG_COMPILER_APPICON_NAME = AppIcon;
				CODE_SIGN_ENTITLEMENTS = App/ArchiveBox.entitlements;
				CODE_SIGN_IDENTITY = "iPhone Developer";
				INFOPLIST_FILE = App/Info.plist;
				LD_RUNPATH_SEARCH_PATHS = (
					"$(inherited)",
					"@executable_path/Frameworks",
				);
				PRODUCT_BUNDLE_IDENTIFIER = io.archivebox.ArchiveBox;
				SDKROOT = iphoneos;
				TARGETED_DEVICE_FAMILY = "1,2";
			};
			name = Debug;
		};
/* End XCBuildConfiguration section */

/* Begin XCConfigurationList section */
		1B20585069B37A0AF5AA52FC /* Build configuration list for PBXProject "ArchiveBox" */ = {
			isa = XCConfigurationList;
			buildConfigurations = (
				C3C0EBC8B6E7284AB0735BF4 /* Debug */,
				E34BCE72072BD7B96F2E8EEF /* Release */,
			);
			defaultConfigurationIsVisible = 0;
			defaultConfigurationName = Debug;
		};
		36981B3A2FE2A1EB7D968050 /* Build configuration list for PBXNativeTarget "ArchiveBoxMacShare" */ = {
			isa = XCConfigurationList;
			buildConfigurations = (
				7762F189BDA2883C5F588BC8 /* Debug */,
				68175D481BD4B1FCC08A7857 /* Release */,
			);
			defaultConfigurationIsVisible = 0;
			defaultConfigurationName = Debug;
		};
		8CE5E4B495004A051152FCC5 /* Build configuration list for PBXNativeTarget "ArchiveBoxMacSafari" */ = {
			isa = XCConfigurationList;
			buildConfigurations = (
				E660A9D2ECB2074DBED28218 /* Debug */,
				692F67B12714D73A1EE39ABD /* Release */,
			);
			defaultConfigurationIsVisible = 0;
			defaultConfigurationName = Debug;
		};
		9B00B40DEE945BCF3725F6E7 /* Build configuration list for PBXNativeTarget "ArchiveBoxMac" */ = {
			isa = XCConfigurationList;
			buildConfigurations = (
				2A30248D85729E0D764C55E4 /* Debug */,
				0EFD3B630FED3B38FCB68570 /* Release */,
			);
			defaultConfigurationIsVisible = 0;
			defaultConfigurationName = Debug;
		};
		B516C2CED62F57DAB50E7D01 /* Build configuration list for PBXNativeTarget "ArchiveBoxShare" */ = {
			isa = XCConfigurationList;
			buildConfigurations = (
				9CA7E8A417BF1313A4994E9D /* Debug */,
				0F1C41D5152662C77A87AC7F /* Release */,
			);
			defaultConfigurationIsVisible = 0;
			defaultConfigurationName = Debug;
		};
		B650AA9510E7AD2D4213C868 /* Build configuration list for PBXNativeTarget "ArchiveBox" */ = {
			isa = XCConfigurationList;
			buildConfigurations = (
				FF48B9164F2D97FE43E3A0A5 /* Debug */,
				EFACD3BD9CE8D3656819EA7E /* Release */,
			);
			defaultConfigurationIsVisible = 0;
			defaultConfigurationName = Debug;
		};
		BBE9625B9F94789B1BB0ED1A /* Build configuration list for PBXNativeTarget "ArchiveBoxUITests" */ = {
			isa = XCConfigurationList;
			buildConfigurations = (
				8B0ACE1DEB4693B100E7FB7A /* Debug */,
				C14177BE99DA04087C6DEB52 /* Release */,
			);
			defaultConfigurationIsVisible = 0;
			defaultConfigurationName = Debug;
		};
		FCD447D77B5B79244E4EBA17 /* Build configuration list for PBXNativeTarget "ArchiveBoxSafari" */ = {
			isa = XCConfigurationList;
			buildConfigurations = (
				E0B13A9390EFBE6C36FD17FA /* Debug */,
				D89CADE9484AB672BEDB3781 /* Release */,
			);
			defaultConfigurationIsVisible = 0;
			defaultConfigurationName = Debug;
		};
/* End XCConfigurationList section */

/* Begin XCLocalSwiftPackageReference section */
		D1B343727B33866307EE2794 /* XCLocalSwiftPackageReference "." */ = {
			isa = XCLocalSwiftPackageReference;
			relativePath = .;
		};
/* End XCLocalSwiftPackageReference section */

/* Begin XCSwiftPackageProductDependency section */
		0AC5B1EA1ECF83B6CA12949F /* ArchiveBoxCore */ = {
			isa = XCSwiftPackageProductDependency;
			productName = ArchiveBoxCore;
		};
		3A614EEE696BEEF4D8A4877D /* ArchiveBoxCore */ = {
			isa = XCSwiftPackageProductDependency;
			productName = ArchiveBoxCore;
		};
		4D29C759A2A9C2D4EA55954D /* ArchiveBoxCore */ = {
			isa = XCSwiftPackageProductDependency;
			productName = ArchiveBoxCore;
		};
		556C1F956DBFCD7A35C71C4A /* ArchiveBoxCore */ = {
			isa = XCSwiftPackageProductDependency;
			productName = ArchiveBoxCore;
		};
		9C7D1080D879852987592696 /* ArchiveBoxCore */ = {
			isa = XCSwiftPackageProductDependency;
			productName = ArchiveBoxCore;
		};
		EFF02EE6D13AD0A4F7430DBB /* ArchiveBoxCore */ = {
			isa = XCSwiftPackageProductDependency;
			productName = ArchiveBoxCore;
		};
/* End XCSwiftPackageProductDependency section */
	};
	rootObject = 78742D05FF6332E49FF7A1B7 /* Project object */;
}
